
Microsoft Visual Studio Solution File, Format Version 12.00
# Visual Studio Version 17
VisualStudioVersion = 17.0.32112.339
MinimumVisualStudioVersion = 10.0.40219.1
Project("{FAE04EC0-301F-11D3-BF4B-00C04F79EFBC}") = "FizzBuzzMVC", "FizzBuzzMVC\FizzBuzzMVC.csproj", "{7109F61A-CAB0-47EA-9668-723CEE4EFBCE}"
EndProject
Global
	GlobalSection(SolutionConfigurationPlatforms) = preSolution
		Debug|Any CPU = Debug|Any CPU
		Release|Any CPU = Release|Any CPU
	EndGlobalSection
	GlobalSection(ProjectConfigurationPlatforms) = postSolution
		{7109F61A-CAB0-47EA-9668-723CEE4EFBCE}.Debug|Any CPU.ActiveCfg = Debug|Any CPU
		{7109F61A-CAB0-47EA-9668-723CEE4EFBCE}.Debug|Any CPU.Build.0 = Debug|Any CPU
		{7109F61A-CAB0-47EA-9668-723CEE4EFBCE}.Release|Any CPU.ActiveCfg = Release|Any CPU
		{7109F61A-CAB0-47EA-9668-723CEE4EFBCE}.Release|Any CPU.Build.0 = Release|Any CPU
	EndGlobalSection
	GlobalSection(SolutionProperties) = preSolution
		HideSolutionNode = FALSE
	EndGlobalSection
	GlobalSection(ExtensibilityGlobals) = postSolution
		SolutionGuid = {24AC3DBA-FA3F-4588-A2D6-C710747158CA}
	EndGlobalSection
EndGlobal
